
Microsoft Visual Studio Solution File, Format Version 12.00
# Visual Studio Version 17
VisualStudioVersion = 17.10.35122.118
MinimumVisualStudioVersion = 10.0.40219.1
Project("{FAE04EC0-301F-11D3-BF4B-00C04F79EFBC}") = "VdrDesktop", "VdrDesktop\VdrDesktop.csproj", "{8290AB51-6A9A-45AB-8711-CF76B101F0F2}"
EndProject
Global
	GlobalSection(SolutionConfigurationPlatforms) = preSolution
		Debug|Any CPU = Debug|Any CPU
		Release|Any CPU = Release|Any CPU
	EndGlobalSection
	GlobalSection(ProjectConfigurationPlatforms) = postSolution
		{8290AB51-6A9A-45AB-8711-CF76B101F0F2}.Debug|Any CPU.ActiveCfg = Debug|Any CPU
		{8290AB51-6A9A-45AB-8711-CF76B101F0F2}.Debug|Any CPU.Build.0 = Debug|Any CPU
		{8290AB51-6A9A-45AB-8711-CF76B101F0F2}.Release|Any CPU.ActiveCfg = Release|Any CPU
		{8290AB51-6A9A-45AB-8711-CF76B101F0F2}.Release|Any CPU.Build.0 = Release|Any CPU
	EndGlobalSection
	GlobalSection(SolutionProperties) = preSolution
		HideSolutionNode = FALSE
	EndGlobalSection
	GlobalSection(ExtensibilityGlobals) = postSolution
		SolutionGuid = {E4AB183F-F662-4F4E-80E4-58FBD37C941B}
	EndGlobalSection
EndGlobal
